{
  "name": "typehero",
  "version": "0.0.0",
  "lockfileVersion": 1,
  "requires": true,
  "dependencies": {
    "@fedeghe/channeljs": {
      "version": "1.1.6",
      "resolved": "https://registry.npmjs.org/@fedeghe/channeljs/-/channeljs-1.1.6.tgz",
      "integrity": "sha512-cRTu4wG7gjf7Z8PZMo+gS2rCyW98nj5t1cv8VdFcbFALP+OZwzd8N8LzmTlVF4LYp/56gKTk6jO//jHhXTbbow=="
    },
    "@fedeghe/leonardo": {
      "version": "1.0.7",
      "resolved": "https://registry.npmjs.org/@fedeghe/leonardo/-/leonardo-1.0.7.tgz",
      "integrity": "sha512-TkQ00eJ0xsYmuyFAJRIfSK1WfDLJmKCewYn67aNO3KfFj86h5bPebN60fDhtGt6Hpjm4ecGsTtYtB3Y+A9ZXUQ=="
    },
    "balle": {
      "version": "1.0.33",
      "resolved": "https://registry.npmjs.org/balle/-/balle-1.0.33.tgz",
      "integrity": "sha512-8qEWtRsfQ8xIrXnKXldaDrnB9EijqhNfpw2kl0Q6+gpxvm9HQ/YpMUw0mKLoHFY4deS7NUc50DAQjUdn3eqE0Q=="
    },
    "ridof": {
      "version": "1.0.5",
      "resolved": "https://registry.npmjs.org/ridof/-/ridof-1.0.5.tgz",
      "integrity": "sha512-rv0CI1BCtIqo8C0BdN6sBtaxiLUZkXgqoCgvqQh3do4S9dLyfU/6QTqCrXJrSYSY8j9sB+UzCeohqfxRuRt9UA=="
    }
  }
}
